
Microsoft Visual Studio Solution File, Format Version 12.00
# Visual Studio Version 17
VisualStudioVersion = 17.0.31903.59
MinimumVisualStudioVersion = 10.0.40219.1
Project("{FAE04EC0-301F-11D3-BF4B-00C04F79EFBC}") = "BurntHud", "BurntHud\BurntHud.csproj", "{AA62D780-40BD-47DD-9C34-1DF478E719B1}"
EndProject
Project("{FAE04EC0-301F-11D3-BF4B-00C04F79EFBC}") = "Isley.Relay", "Isley.Relay\Isley.Relay.csproj", "{D11F3B35-7956-4C59-ACBE-BFBA689D02DE}"
EndProject
Project("{FAE04EC0-301F-11D3-BF4B-00C04F79EFBC}") = "Isley.ServerBridge", "Isley.ServerBridge\Isley.ServerBridge.csproj", "{976178A8-3B15-498A-B76E-5CCB199B5ED8}"
EndProject
Project("{FAE04EC0-301F-11D3-BF4B-00C04F79EFBC}") = "Isley.Telemetry", "Isley.Telemetry\Isley.Telemetry.csproj", "{751402FB-6C9D-4786-9EB0-0E51761CE5CE}"
EndProject
Project("{FAE04EC0-301F-11D3-BF4B-00C04F79EFBC}") = "Isley.Updater", "Isley.Updater\Isley.Updater.csproj", "{D82C57DD-F115-464D-A5DA-6F5DBD76C92C}"
EndProject
Project("{FAE04EC0-301F-11D3-BF4B-00C04F79EFBC}") = "Isley.VoiceServer", "Isley.VoiceServer\Isley.VoiceServer.csproj", "{6B4DF60D-425A-4E5D-AE01-8CC5D422A23F}"
EndProject
Project("{2150E333-8FDC-42A3-9474-1A3956D46DE8}") = "Verification", "Verification", "{F4973CD0-DF36-46BC-8620-C2FBAAADF679}"
EndProject
Project("{FAE04EC0-301F-11D3-BF4B-00C04F79EFBC}") = "AimCalibrationVerifier", "Verification\AimCalibrationVerifier\AimCalibrationVerifier.csproj", "{9D87C798-94D4-4ED8-AA34-FEE703E43E59}"
EndProject
Project("{FAE04EC0-301F-11D3-BF4B-00C04F79EFBC}") = "ApproachBriefVerifier", "Verification\ApproachBriefVerifier\ApproachBriefVerifier.csproj", "{70381432-17EC-4482-AE63-E8888DD13D90}"
EndProject
Project("{FAE04EC0-301F-11D3-BF4B-00C04F79EFBC}") = "CommandQuickAccessVerifier", "Verification\CommandQuickAccessVerifier\CommandQuickAccessVerifier.csproj", "{A2A50F32-6A2C-4B63-9519-8F12FF10E5F0}"
EndProject
Project("{FAE04EC0-301F-11D3-BF4B-00C04F79EFBC}") = "CommunityServerWatchVerifier", "Verification\CommunityServerWatchVerifier\CommunityServerWatchVerifier.csproj", "{76E1E440-1FD0-4FED-961C-B0378C4BEE69}"
EndProject
Project("{FAE04EC0-301F-11D3-BF4B-00C04F79EFBC}") = "CoreVitalsVerifier", "Verification\CoreVitalsVerifier\CoreVitalsVerifier.csproj", "{59B528B8-7DB7-4D3B-A593-A3A6EF412BB1}"
EndProject
Project("{FAE04EC0-301F-11D3-BF4B-00C04F79EFBC}") = "DietCoachVerifier", "Verification\DietCoachVerifier\DietCoachVerifier.csproj", "{66C03E38-116C-4D73-9159-E067BD303370}"
EndProject
Project("{FAE04EC0-301F-11D3-BF4B-00C04F79EFBC}") = "ElderLineageVerifier", "Verification\ElderLineageVerifier\ElderLineageVerifier.csproj", "{032AAD0A-01DA-474E-B192-E621D001C809}"
EndProject
Project("{FAE04EC0-301F-11D3-BF4B-00C04F79EFBC}") = "FieldConditionsVerifier", "Verification\FieldConditionsVerifier\FieldConditionsVerifier.csproj", "{B6E0DCE7-4528-43C7-8E70-9D0FE69AEC32}"
EndProject
Project("{FAE04EC0-301F-11D3-BF4B-00C04F79EFBC}") = "FieldGuideVerifier", "Verification\FieldGuideVerifier\FieldGuideVerifier.csproj", "{527D324D-67B3-43BB-8E94-697F5305EA07}"
EndProject
Project("{FAE04EC0-301F-11D3-BF4B-00C04F79EFBC}") = "FightCheckVerifier", "Verification\FightCheckVerifier\FightCheckVerifier.csproj", "{5796A4FC-CA5B-4B7B-8BBD-8CE0FFF6F3FF}"
EndProject
Project("{FAE04EC0-301F-11D3-BF4B-00C04F79EFBC}") = "FocusModeVerifier", "Verification\FocusModeVerifier\FocusModeVerifier.csproj", "{60604131-2F12-4ED0-987D-D53BC4DEDBB5}"
EndProject
Project("{FAE04EC0-301F-11D3-BF4B-00C04F79EFBC}") = "FocusModeSuggestVerifier", "Verification\FocusModeSuggestVerifier\FocusModeSuggestVerifier.csproj", "{6E8FC022-0B37-4242-95A8-BC480738B75E}"
EndProject
Project("{FAE04EC0-301F-11D3-BF4B-00C04F79EFBC}") = "GatewayResourceVerifier", "Verification\GatewayResourceVerifier\GatewayResourceVerifier.csproj", "{EA18A5C4-F2F6-4389-8958-1D0EC461FE64}"
EndProject
Project("{FAE04EC0-301F-11D3-BF4B-00C04F79EFBC}") = "GrowthGateWatchVerifier", "Verification\GrowthGateWatchVerifier\GrowthGateWatchVerifier.csproj", "{0B976A6D-5FA1-4C1A-9804-5C15B4AD17C2}"
EndProject
Project("{FAE04EC0-301F-11D3-BF4B-00C04F79EFBC}") = "GrowthPlannerVerifier", "Verification\GrowthPlannerVerifier\GrowthPlannerVerifier.csproj", "{B2ED0B7F-C491-4CCD-AB7C-22C138773624}"
EndProject
Project("{FAE04EC0-301F-11D3-BF4B-00C04F79EFBC}") = "HotkeyBindingVerifier", "Verification\HotkeyBindingVerifier\HotkeyBindingVerifier.csproj", "{3F185C41-8035-4BEE-9A09-058D18DCE55B}"
EndProject
Project("{FAE04EC0-301F-11D3-BF4B-00C04F79EFBC}") = "HudDockVerifier", "Verification\HudDockVerifier\HudDockVerifier.csproj", "{000D1574-B859-445D-AE5B-DB6A550C157F}"
EndProject
Project("{FAE04EC0-301F-11D3-BF4B-00C04F79EFBC}") = "HudPriorityVerifier", "Verification\HudPriorityVerifier\HudPriorityVerifier.csproj", "{E605DDF4-DEB7-4F08-B73A-5A0EC19B85D0}"
EndProject
Project("{FAE04EC0-301F-11D3-BF4B-00C04F79EFBC}") = "IsleyLiveDataProviderVerifier", "Verification\IsleyLiveDataProviderVerifier\IsleyLiveDataProviderVerifier.csproj", "{72FB4F2C-DD96-4CA6-AAEB-78BFA0C186FA}"
EndProject
Project("{FAE04EC0-301F-11D3-BF4B-00C04F79EFBC}") = "IsleyReleaseUpdateVerifier", "Verification\IsleyReleaseUpdateVerifier\IsleyReleaseUpdateVerifier.csproj", "{7DB1F6D4-27B6-44AD-9D96-6E77AC55B1CA}"
EndProject
Project("{FAE04EC0-301F-11D3-BF4B-00C04F79EFBC}") = "LifeRunVerifier", "Verification\LifeRunVerifier\LifeRunVerifier.csproj", "{64AFCA39-CC5E-4246-95EE-ECEED7B59D3A}"
EndProject
Project("{FAE04EC0-301F-11D3-BF4B-00C04F79EFBC}") = "LifeTransitionVerifier", "Verification\LifeTransitionVerifier\LifeTransitionVerifier.csproj", "{C0634282-4E70-4333-9773-D3C8C36DBBF5}"
EndProject
Project("{FAE04EC0-301F-11D3-BF4B-00C04F79EFBC}") = "LiteModeVerifier", "Verification\LiteModeVerifier\LiteModeVerifier.csproj", "{FFE5329E-9A72-4EB2-9E05-236F69BB4ED9}"
EndProject
Project("{FAE04EC0-301F-11D3-BF4B-00C04F79EFBC}") = "LiveGrowthBridgeVerifier", "Verification\LiveGrowthBridgeVerifier\LiveGrowthBridgeVerifier.csproj", "{60513938-DB6F-4F96-8808-66635C226ABF}"
EndProject
Project("{FAE04EC0-301F-11D3-BF4B-00C04F79EFBC}") = "LiveHealthVerifier", "Verification\LiveHealthVerifier\LiveHealthVerifier.csproj", "{835165BE-67C2-45F2-AC38-0835A054395F}"
EndProject
Project("{FAE04EC0-301F-11D3-BF4B-00C04F79EFBC}") = "LiveSpeciesBridgeVerifier", "Verification\LiveSpeciesBridgeVerifier\LiveSpeciesBridgeVerifier.csproj", "{0C7B72B8-9286-435F-AB58-518951B66731}"
EndProject
Project("{FAE04EC0-301F-11D3-BF4B-00C04F79EFBC}") = "ManualSightingVerifier", "Verification\ManualSightingVerifier\ManualSightingVerifier.csproj", "{E899D452-12C2-4669-B73E-34CB7411E4A9}"
EndProject
Project("{FAE04EC0-301F-11D3-BF4B-00C04F79EFBC}") = "MutationPlannerVerifier", "Verification\MutationPlannerVerifier\MutationPlannerVerifier.csproj", "{A585E6F3-9467-402A-86BE-B837DB03CCDF}"
EndProject
Project("{FAE04EC0-301F-11D3-BF4B-00C04F79EFBC}") = "MutationUnlockVerifier", "Verification\MutationUnlockVerifier\MutationUnlockVerifier.csproj", "{1AE76F8D-89E4-466B-900A-191532CFBFDF}"
EndProject
Project("{FAE04EC0-301F-11D3-BF4B-00C04F79EFBC}") = "NestPlannerVerifier", "Verification\NestPlannerVerifier\NestPlannerVerifier.csproj", "{C31E6BE1-6F0A-403F-9352-7817C5A05623}"
EndProject
Project("{FAE04EC0-301F-11D3-BF4B-00C04F79EFBC}") = "NextMoveVerifier", "Verification\NextMoveVerifier\NextMoveVerifier.csproj", "{B5E2C243-C1AC-4EB7-BE03-9FADE3AFFFFD}"
EndProject
Project("{FAE04EC0-301F-11D3-BF4B-00C04F79EFBC}") = "NoGoAreaVerifier", "Verification\NoGoAreaVerifier\NoGoAreaVerifier.csproj", "{F823B5BD-458D-402F-BAB8-4680244BAD12}"
EndProject
Project("{FAE04EC0-301F-11D3-BF4B-00C04F79EFBC}") = "OnboardingTutorialVerifier", "Verification\OnboardingTutorialVerifier\OnboardingTutorialVerifier.csproj", "{37F8F817-1946-4080-8BE6-29EB6CF102EE}"
EndProject
Project("{FAE04EC0-301F-11D3-BF4B-00C04F79EFBC}") = "PatchWatchVerifier", "Verification\PatchWatchVerifier\PatchWatchVerifier.csproj", "{9369BB13-3E29-4A63-ACEE-219D9516050B}"
EndProject
Project("{FAE04EC0-301F-11D3-BF4B-00C04F79EFBC}") = "PlayerSnapshotVerifier", "Verification\PlayerSnapshotVerifier\PlayerSnapshotVerifier.csproj", "{62880AAE-B9D5-4A91-AF26-D79FA4D74832}"
EndProject
Project("{FAE04EC0-301F-11D3-BF4B-00C04F79EFBC}") = "PortableConfigVerifier", "Verification\PortableConfigVerifier\PortableConfigVerifier.csproj", "{80A149BD-2C3C-4699-8C92-CF0BB80755D6}"
EndProject
Project("{FAE04EC0-301F-11D3-BF4B-00C04F79EFBC}") = "PressureCoachVerifier", "Verification\PressureCoachVerifier\PressureCoachVerifier.csproj", "{3D23E1F1-22B2-4BF6-8564-3C81605EEE57}"
EndProject
Project("{FAE04EC0-301F-11D3-BF4B-00C04F79EFBC}") = "QuickKeysVerifier", "Verification\QuickKeysVerifier\QuickKeysVerifier.csproj", "{9D7B4C5A-C9E8-4AFD-BD75-68ED07793356}"
EndProject
Project("{FAE04EC0-301F-11D3-BF4B-00C04F79EFBC}") = "RecoveryMonitorVerifier", "Verification\RecoveryMonitorVerifier\RecoveryMonitorVerifier.csproj", "{FA7E28CA-21B4-4537-983F-E23CBFCECD8F}"
EndProject
Project("{FAE04EC0-301F-11D3-BF4B-00C04F79EFBC}") = "ResponsiveLayoutVerifier", "Verification\ResponsiveLayoutVerifier\ResponsiveLayoutVerifier.csproj", "{F3383BB1-E5BD-4850-82F3-CC3DF5B66257}"
EndProject
Project("{FAE04EC0-301F-11D3-BF4B-00C04F79EFBC}") = "SafeLogoutVerifier", "Verification\SafeLogoutVerifier\SafeLogoutVerifier.csproj", "{C2EBC80D-6F28-4544-831E-12A22A9AD87C}"
EndProject
Project("{FAE04EC0-301F-11D3-BF4B-00C04F79EFBC}") = "ServerRestartWatchVerifier", "Verification\ServerRestartWatchVerifier\ServerRestartWatchVerifier.csproj", "{0A42AF6D-92DC-47F7-A032-DEECEF923D53}"
EndProject
Project("{FAE04EC0-301F-11D3-BF4B-00C04F79EFBC}") = "ServerSessionVerifier", "Verification\ServerSessionVerifier\ServerSessionVerifier.csproj", "{601FFA97-5E22-4C21-A35F-7B290F878F2A}"
EndProject
Project("{FAE04EC0-301F-11D3-BF4B-00C04F79EFBC}") = "ShorelineCheckVerifier", "Verification\ShorelineCheckVerifier\ShorelineCheckVerifier.csproj", "{48AB8D85-6F7F-44FD-BF9C-1CDF3037CAF1}"
EndProject
Project("{FAE04EC0-301F-11D3-BF4B-00C04F79EFBC}") = "SoundFinderVerifier", "Verification\SoundFinderVerifier\SoundFinderVerifier.csproj", "{FAE3823C-6B72-4231-8556-F0CD4D6DE9BE}"
EndProject
Project("{FAE04EC0-301F-11D3-BF4B-00C04F79EFBC}") = "SpawnPlanVerifier", "Verification\SpawnPlanVerifier\SpawnPlanVerifier.csproj", "{591815DD-8758-401C-A4CA-23FA1D4A89BB}"
EndProject
Project("{FAE04EC0-301F-11D3-BF4B-00C04F79EFBC}") = "SteamFriendVerifier", "Verification\SteamFriendVerifier\SteamFriendVerifier.csproj", "{37891056-49EA-45B0-B167-2CBA961DDC4C}"
EndProject
Project("{FAE04EC0-301F-11D3-BF4B-00C04F79EFBC}") = "SurvivalAssistantVerifier", "Verification\SurvivalAssistantVerifier\SurvivalAssistantVerifier.csproj", "{15CA1149-0DE2-444E-98F0-09F7736C96B6}"
EndProject
Project("{FAE04EC0-301F-11D3-BF4B-00C04F79EFBC}") = "TelemetryPlatformVerifier", "Verification\TelemetryPlatformVerifier\TelemetryPlatformVerifier.csproj", "{6E76EB57-467D-458B-A539-EC420A42DE4C}"
EndProject
Project("{FAE04EC0-301F-11D3-BF4B-00C04F79EFBC}") = "TerrainRoadNetworkVerifier", "Verification\TerrainRoadNetworkVerifier\TerrainRoadNetworkVerifier.csproj", "{D7F7E3CE-3A91-455C-B53E-415081DF4C9D}"
EndProject
Project("{FAE04EC0-301F-11D3-BF4B-00C04F79EFBC}") = "TripReadinessVerifier", "Verification\TripReadinessVerifier\TripReadinessVerifier.csproj", "{667BB175-873D-4B5B-8DF9-CD434E24D052}"
EndProject
Project("{FAE04EC0-301F-11D3-BF4B-00C04F79EFBC}") = "UniversalCoordinateVerifier", "Verification\UniversalCoordinateVerifier\UniversalCoordinateVerifier.csproj", "{7119E772-CE96-49F5-A12A-A3E21AAB05A3}"
EndProject
Project("{FAE04EC0-301F-11D3-BF4B-00C04F79EFBC}") = "VitalsTrendVerifier", "Verification\VitalsTrendVerifier\VitalsTrendVerifier.csproj", "{81EE68CA-7A7A-4DC7-ACB1-62A1BAE604B3}"
EndProject
Project("{FAE04EC0-301F-11D3-BF4B-00C04F79EFBC}") = "VoiceIntegrationVerifier", "Verification\VoiceIntegrationVerifier\VoiceIntegrationVerifier.csproj", "{6D89D8BB-55B3-476A-A214-F7B3CE94B5DC}"
EndProject
Project("{FAE04EC0-301F-11D3-BF4B-00C04F79EFBC}") = "WaterCrossingVerifier", "Verification\WaterCrossingVerifier\WaterCrossingVerifier.csproj", "{762A65C1-1616-4C0E-9D2F-47BCBA4403A4}"
EndProject
Project("{FAE04EC0-301F-11D3-BF4B-00C04F79EFBC}") = "WhatsNewVerifier", "Verification\WhatsNewVerifier\WhatsNewVerifier.csproj", "{16BDB7C1-EE8D-4F50-8973-9628B46E8DE7}"
EndProject
Project("{FAE04EC0-301F-11D3-BF4B-00C04F79EFBC}") = "ZoneBriefVerifier", "Verification\ZoneBriefVerifier\ZoneBriefVerifier.csproj", "{800FC4FA-9103-44F2-9870-439FC59859B2}"
EndProject
Project("{FAE04EC0-301F-11D3-BF4B-00C04F79EFBC}") = "OverlayZOrderVerifier", "Verification\OverlayZOrderVerifier\OverlayZOrderVerifier.csproj", "{1AE242C9-C3F8-4CCF-B51F-19F45E4B06D4}"
EndProject
Project("{FAE04EC0-301F-11D3-BF4B-00C04F79EFBC}") = "TacticalLogExportVerifier", "Verification\TacticalLogExportVerifier\TacticalLogExportVerifier.csproj", "{B2E4A1C7-5F0D-4E8A-9C1B-7D3F6A2E8B01}"
EndProject
Project("{FAE04EC0-301F-11D3-BF4B-00C04F79EFBC}") = "TimerJournalVerifier", "Verification\TimerJournalVerifier\TimerJournalVerifier.csproj", "{C7F3B2D8-6A1E-4F9B-8D2C-5E4A7B3F9C02}"
EndProject
Project("{FAE04EC0-301F-11D3-BF4B-00C04F79EFBC}") = "HeadingConfidenceVerifier", "Verification\HeadingConfidenceVerifier\HeadingConfidenceVerifier.csproj", "{D8A4C3E9-7B2F-4A0C-9E3D-6F5B8C4A0D03}"
EndProject
Project("{FAE04EC0-301F-11D3-BF4B-00C04F79EFBC}") = "NestTimerAlertVerifier", "Verification\NestTimerAlertVerifier\NestTimerAlertVerifier.csproj", "{E9B5D4FA-8C3A-4B1D-AF4E-7A6C9D5B1E04}"
EndProject
Project("{FAE04EC0-301F-11D3-BF4B-00C04F79EFBC}") = "PlannerStateStoreVerifier", "Verification\PlannerStateStoreVerifier\PlannerStateStoreVerifier.csproj", "{FAC6E50B-9D4B-4C2E-B05F-8B7DAE6C2F05}"
EndProject
Project("{FAE04EC0-301F-11D3-BF4B-00C04F79EFBC}") = "ServerRatePresetVerifier", "Verification\ServerRatePresetVerifier\ServerRatePresetVerifier.csproj", "{0BD7F61C-AE5C-4D3F-C16A-9C8EBF7D3A06}"
EndProject
Project("{FAE04EC0-301F-11D3-BF4B-00C04F79EFBC}") = "VoicePeerVolumeVerifier", "Verification\VoicePeerVolumeVerifier\VoicePeerVolumeVerifier.csproj", "{1CE8072D-BF6D-4E4A-D27B-AD9FC08E4B07}"
EndProject
Project("{FAE04EC0-301F-11D3-BF4B-00C04F79EFBC}") = "VoicePeerQualityVerifier", "Verification\VoicePeerQualityVerifier\VoicePeerQualityVerifier.csproj", "{2DF9183E-C07E-4F5B-E38C-BEA0D19F5C08}"
EndProject
Project("{FAE04EC0-301F-11D3-BF4B-00C04F79EFBC}") = "SteamFriendGroupVerifier", "Verification\SteamFriendGroupVerifier\SteamFriendGroupVerifier.csproj", "{3E0A294F-D18F-4A6C-F49D-CFB1E2A06D09}"
EndProject
Project("{FAE04EC0-301F-11D3-BF4B-00C04F79EFBC}") = "EncounterWatchlistVerifier", "Verification\EncounterWatchlistVerifier\EncounterWatchlistVerifier.csproj", "{4F1B3A50-E29A-4B7D-A5AE-D0C2F3B17E0A}"
EndProject
Project("{FAE04EC0-301F-11D3-BF4B-00C04F79EFBC}") = "LayoutProfileVerifier", "Verification\LayoutProfileVerifier\LayoutProfileVerifier.csproj", "{502C4B61-F3AB-4C8E-B6BF-E1D304C28F0B}"
EndProject
Project("{FAE04EC0-301F-11D3-BF4B-00C04F79EFBC}") = "LiteModeSuggestVerifier", "Verification\LiteModeSuggestVerifier\LiteModeSuggestVerifier.csproj", "{613D5C72-04BC-4D9F-C7C0-F2E415D3900C}"
EndProject
Project("{FAE04EC0-301F-11D3-BF4B-00C04F79EFBC}") = "DiagnosticsBundleVerifier", "Verification\DiagnosticsBundleVerifier\DiagnosticsBundleVerifier.csproj", "{724E6D83-15CD-4EA0-D8D1-03F526E4A10D}"
EndProject
Global
	GlobalSection(SolutionConfigurationPlatforms) = preSolution
		Debug|Any CPU = Debug|Any CPU
		Release|Any CPU = Release|Any CPU
	EndGlobalSection
	GlobalSection(SolutionProperties) = preSolution
		HideSolutionNode = FALSE
	EndGlobalSection
	GlobalSection(ProjectConfigurationPlatforms) = postSolution
		{AA62D780-40BD-47DD-9C34-1DF478E719B1}.Debug|Any CPU.ActiveCfg = Debug|Any CPU
		{AA62D780-40BD-47DD-9C34-1DF478E719B1}.Debug|Any CPU.Build.0 = Debug|Any CPU
		{AA62D780-40BD-47DD-9C34-1DF478E719B1}.Release|Any CPU.ActiveCfg = Release|Any CPU
		{AA62D780-40BD-47DD-9C34-1DF478E719B1}.Release|Any CPU.Build.0 = Release|Any CPU
		{D11F3B35-7956-4C59-ACBE-BFBA689D02DE}.Debug|Any CPU.ActiveCfg = Debug|Any CPU
		{D11F3B35-7956-4C59-ACBE-BFBA689D02DE}.Debug|Any CPU.Build.0 = Debug|Any CPU
		{D11F3B35-7956-4C59-ACBE-BFBA689D02DE}.Release|Any CPU.ActiveCfg = Release|Any CPU
		{D11F3B35-7956-4C59-ACBE-BFBA689D02DE}.Release|Any CPU.Build.0 = Release|Any CPU
		{976178A8-3B15-498A-B76E-5CCB199B5ED8}.Debug|Any CPU.ActiveCfg = Debug|Any CPU
		{976178A8-3B15-498A-B76E-5CCB199B5ED8}.Debug|Any CPU.Build.0 = Debug|Any CPU
		{976178A8-3B15-498A-B76E-5CCB199B5ED8}.Release|Any CPU.ActiveCfg = Release|Any CPU
		{976178A8-3B15-498A-B76E-5CCB199B5ED8}.Release|Any CPU.Build.0 = Release|Any CPU
		{751402FB-6C9D-4786-9EB0-0E51761CE5CE}.Debug|Any CPU.ActiveCfg = Debug|Any CPU
		{751402FB-6C9D-4786-9EB0-0E51761CE5CE}.Debug|Any CPU.Build.0 = Debug|Any CPU
		{751402FB-6C9D-4786-9EB0-0E51761CE5CE}.Release|Any CPU.ActiveCfg = Release|Any CPU
		{751402FB-6C9D-4786-9EB0-0E51761CE5CE}.Release|Any CPU.Build.0 = Release|Any CPU
		{D82C57DD-F115-464D-A5DA-6F5DBD76C92C}.Debug|Any CPU.ActiveCfg = Debug|Any CPU
		{D82C57DD-F115-464D-A5DA-6F5DBD76C92C}.Debug|Any CPU.Build.0 = Debug|Any CPU
		{D82C57DD-F115-464D-A5DA-6F5DBD76C92C}.Release|Any CPU.ActiveCfg = Release|Any CPU
		{D82C57DD-F115-464D-A5DA-6F5DBD76C92C}.Release|Any CPU.Build.0 = Release|Any CPU
		{6B4DF60D-425A-4E5D-AE01-8CC5D422A23F}.Debug|Any CPU.ActiveCfg = Debug|Any CPU
		{6B4DF60D-425A-4E5D-AE01-8CC5D422A23F}.Debug|Any CPU.Build.0 = Debug|Any CPU
		{6B4DF60D-425A-4E5D-AE01-8CC5D422A23F}.Release|Any CPU.ActiveCfg = Release|Any CPU
		{6B4DF60D-425A-4E5D-AE01-8CC5D422A23F}.Release|Any CPU.Build.0 = Release|Any CPU
		{9D87C798-94D4-4ED8-AA34-FEE703E43E59}.Debug|Any CPU.ActiveCfg = Debug|Any CPU
		{9D87C798-94D4-4ED8-AA34-FEE703E43E59}.Debug|Any CPU.Build.0 = Debug|Any CPU
		{9D87C798-94D4-4ED8-AA34-FEE703E43E59}.Release|Any CPU.ActiveCfg = Release|Any CPU
		{9D87C798-94D4-4ED8-AA34-FEE703E43E59}.Release|Any CPU.Build.0 = Release|Any CPU
		{70381432-17EC-4482-AE63-E8888DD13D90}.Debug|Any CPU.ActiveCfg = Debug|Any CPU
		{70381432-17EC-4482-AE63-E8888DD13D90}.Debug|Any CPU.Build.0 = Debug|Any CPU
		{70381432-17EC-4482-AE63-E8888DD13D90}.Release|Any CPU.ActiveCfg = Release|Any CPU
		{70381432-17EC-4482-AE63-E8888DD13D90}.Release|Any CPU.Build.0 = Release|Any CPU
		{A2A50F32-6A2C-4B63-9519-8F12FF10E5F0}.Debug|Any CPU.ActiveCfg = Debug|Any CPU
		{A2A50F32-6A2C-4B63-9519-8F12FF10E5F0}.Debug|Any CPU.Build.0 = Debug|Any CPU
		{A2A50F32-6A2C-4B63-9519-8F12FF10E5F0}.Release|Any CPU.ActiveCfg = Release|Any CPU
		{A2A50F32-6A2C-4B63-9519-8F12FF10E5F0}.Release|Any CPU.Build.0 = Release|Any CPU
		{76E1E440-1FD0-4FED-961C-B0378C4BEE69}.Debug|Any CPU.ActiveCfg = Debug|Any CPU
		{76E1E440-1FD0-4FED-961C-B0378C4BEE69}.Debug|Any CPU.Build.0 = Debug|Any CPU
		{76E1E440-1FD0-4FED-961C-B0378C4BEE69}.Release|Any CPU.ActiveCfg = Release|Any CPU
		{76E1E440-1FD0-4FED-961C-B0378C4BEE69}.Release|Any CPU.Build.0 = Release|Any CPU
		{59B528B8-7DB7-4D3B-A593-A3A6EF412BB1}.Debug|Any CPU.ActiveCfg = Debug|Any CPU
		{59B528B8-7DB7-4D3B-A593-A3A6EF412BB1}.Debug|Any CPU.Build.0 = Debug|Any CPU
		{59B528B8-7DB7-4D3B-A593-A3A6EF412BB1}.Release|Any CPU.ActiveCfg = Release|Any CPU
		{59B528B8-7DB7-4D3B-A593-A3A6EF412BB1}.Release|Any CPU.Build.0 = Release|Any CPU
		{66C03E38-116C-4D73-9159-E067BD303370}.Debug|Any CPU.ActiveCfg = Debug|Any CPU
		{66C03E38-116C-4D73-9159-E067BD303370}.Debug|Any CPU.Build.0 = Debug|Any CPU
		{66C03E38-116C-4D73-9159-E067BD303370}.Release|Any CPU.ActiveCfg = Release|Any CPU
		{66C03E38-116C-4D73-9159-E067BD303370}.Release|Any CPU.Build.0 = Release|Any CPU
		{032AAD0A-01DA-474E-B192-E621D001C809}.Debug|Any CPU.ActiveCfg = Debug|Any CPU
		{032AAD0A-01DA-474E-B192-E621D001C809}.Debug|Any CPU.Build.0 = Debug|Any CPU
		{032AAD0A-01DA-474E-B192-E621D001C809}.Release|Any CPU.ActiveCfg = Release|Any CPU
		{032AAD0A-01DA-474E-B192-E621D001C809}.Release|Any CPU.Build.0 = Release|Any CPU
		{B6E0DCE7-4528-43C7-8E70-9D0FE69AEC32}.Debug|Any CPU.ActiveCfg = Debug|Any CPU
		{B6E0DCE7-4528-43C7-8E70-9D0FE69AEC32}.Debug|Any CPU.Build.0 = Debug|Any CPU
		{B6E0DCE7-4528-43C7-8E70-9D0FE69AEC32}.Release|Any CPU.ActiveCfg = Release|Any CPU
		{B6E0DCE7-4528-43C7-8E70-9D0FE69AEC32}.Release|Any CPU.Build.0 = Release|Any CPU
		{527D324D-67B3-43BB-8E94-697F5305EA07}.Debug|Any CPU.ActiveCfg = Debug|Any CPU
		{527D324D-67B3-43BB-8E94-697F5305EA07}.Debug|Any CPU.Build.0 = Debug|Any CPU
		{527D324D-67B3-43BB-8E94-697F5305EA07}.Release|Any CPU.ActiveCfg = Release|Any CPU
		{527D324D-67B3-43BB-8E94-697F5305EA07}.Release|Any CPU.Build.0 = Release|Any CPU
		{5796A4FC-CA5B-4B7B-8BBD-8CE0FFF6F3FF}.Debug|Any CPU.ActiveCfg = Debug|Any CPU
		{5796A4FC-CA5B-4B7B-8BBD-8CE0FFF6F3FF}.Debug|Any CPU.Build.0 = Debug|Any CPU
		{5796A4FC-CA5B-4B7B-8BBD-8CE0FFF6F3FF}.Release|Any CPU.ActiveCfg = Release|Any CPU
		{5796A4FC-CA5B-4B7B-8BBD-8CE0FFF6F3FF}.Release|Any CPU.Build.0 = Release|Any CPU
		{60604131-2F12-4ED0-987D-D53BC4DEDBB5}.Debug|Any CPU.ActiveCfg = Debug|Any CPU
		{60604131-2F12-4ED0-987D-D53BC4DEDBB5}.Debug|Any CPU.Build.0 = Debug|Any CPU
		{60604131-2F12-4ED0-987D-D53BC4DEDBB5}.Release|Any CPU.ActiveCfg = Release|Any CPU
		{60604131-2F12-4ED0-987D-D53BC4DEDBB5}.Release|Any CPU.Build.0 = Release|Any CPU
		{6E8FC022-0B37-4242-95A8-BC480738B75E}.Debug|Any CPU.ActiveCfg = Debug|Any CPU
		{6E8FC022-0B37-4242-95A8-BC480738B75E}.Debug|Any CPU.Build.0 = Debug|Any CPU
		{6E8FC022-0B37-4242-95A8-BC480738B75E}.Release|Any CPU.ActiveCfg = Release|Any CPU
		{6E8FC022-0B37-4242-95A8-BC480738B75E}.Release|Any CPU.Build.0 = Release|Any CPU
		{835165BE-67C2-45F2-AC38-0835A054395F}.Debug|Any CPU.ActiveCfg = Debug|Any CPU
		{835165BE-67C2-45F2-AC38-0835A054395F}.Debug|Any CPU.Build.0 = Debug|Any CPU
		{835165BE-67C2-45F2-AC38-0835A054395F}.Release|Any CPU.ActiveCfg = Release|Any CPU
		{835165BE-67C2-45F2-AC38-0835A054395F}.Release|Any CPU.Build.0 = Release|Any CPU
		{80A149BD-2C3C-4699-8C92-CF0BB80755D6}.Debug|Any CPU.ActiveCfg = Debug|Any CPU
		{80A149BD-2C3C-4699-8C92-CF0BB80755D6}.Debug|Any CPU.Build.0 = Debug|Any CPU
		{80A149BD-2C3C-4699-8C92-CF0BB80755D6}.Release|Any CPU.ActiveCfg = Release|Any CPU
		{80A149BD-2C3C-4699-8C92-CF0BB80755D6}.Release|Any CPU.Build.0 = Release|Any CPU
		{3D23E1F1-22B2-4BF6-8564-3C81605EEE57}.Debug|Any CPU.ActiveCfg = Debug|Any CPU
		{3D23E1F1-22B2-4BF6-8564-3C81605EEE57}.Debug|Any CPU.Build.0 = Debug|Any CPU
		{3D23E1F1-22B2-4BF6-8564-3C81605EEE57}.Release|Any CPU.ActiveCfg = Release|Any CPU
		{3D23E1F1-22B2-4BF6-8564-3C81605EEE57}.Release|Any CPU.Build.0 = Release|Any CPU
		{16BDB7C1-EE8D-4F50-8973-9628B46E8DE7}.Debug|Any CPU.ActiveCfg = Debug|Any CPU
		{16BDB7C1-EE8D-4F50-8973-9628B46E8DE7}.Debug|Any CPU.Build.0 = Debug|Any CPU
		{16BDB7C1-EE8D-4F50-8973-9628B46E8DE7}.Release|Any CPU.ActiveCfg = Release|Any CPU
		{16BDB7C1-EE8D-4F50-8973-9628B46E8DE7}.Release|Any CPU.Build.0 = Release|Any CPU
		{EA18A5C4-F2F6-4389-8958-1D0EC461FE64}.Debug|Any CPU.ActiveCfg = Debug|Any CPU
		{EA18A5C4-F2F6-4389-8958-1D0EC461FE64}.Debug|Any CPU.Build.0 = Debug|Any CPU
		{EA18A5C4-F2F6-4389-8958-1D0EC461FE64}.Release|Any CPU.ActiveCfg = Release|Any CPU
		{EA18A5C4-F2F6-4389-8958-1D0EC461FE64}.Release|Any CPU.Build.0 = Release|Any CPU
		{0B976A6D-5FA1-4C1A-9804-5C15B4AD17C2}.Debug|Any CPU.ActiveCfg = Debug|Any CPU
		{0B976A6D-5FA1-4C1A-9804-5C15B4AD17C2}.Debug|Any CPU.Build.0 = Debug|Any CPU
		{0B976A6D-5FA1-4C1A-9804-5C15B4AD17C2}.Release|Any CPU.ActiveCfg = Release|Any CPU
		{0B976A6D-5FA1-4C1A-9804-5C15B4AD17C2}.Release|Any CPU.Build.0 = Release|Any CPU
		{B2ED0B7F-C491-4CCD-AB7C-22C138773624}.Debug|Any CPU.ActiveCfg = Debug|Any CPU
		{B2ED0B7F-C491-4CCD-AB7C-22C138773624}.Debug|Any CPU.Build.0 = Debug|Any CPU
		{B2ED0B7F-C491-4CCD-AB7C-22C138773624}.Release|Any CPU.ActiveCfg = Release|Any CPU
		{B2ED0B7F-C491-4CCD-AB7C-22C138773624}.Release|Any CPU.Build.0 = Release|Any CPU
		{3F185C41-8035-4BEE-9A09-058D18DCE55B}.Debug|Any CPU.ActiveCfg = Debug|Any CPU
		{3F185C41-8035-4BEE-9A09-058D18DCE55B}.Debug|Any CPU.Build.0 = Debug|Any CPU
		{3F185C41-8035-4BEE-9A09-058D18DCE55B}.Release|Any CPU.ActiveCfg = Release|Any CPU
		{3F185C41-8035-4BEE-9A09-058D18DCE55B}.Release|Any CPU.Build.0 = Release|Any CPU
		{000D1574-B859-445D-AE5B-DB6A550C157F}.Debug|Any CPU.ActiveCfg = Debug|Any CPU
		{000D1574-B859-445D-AE5B-DB6A550C157F}.Debug|Any CPU.Build.0 = Debug|Any CPU
		{000D1574-B859-445D-AE5B-DB6A550C157F}.Release|Any CPU.ActiveCfg = Release|Any CPU
		{000D1574-B859-445D-AE5B-DB6A550C157F}.Release|Any CPU.Build.0 = Release|Any CPU
		{E605DDF4-DEB7-4F08-B73A-5A0EC19B85D0}.Debug|Any CPU.ActiveCfg = Debug|Any CPU
		{E605DDF4-DEB7-4F08-B73A-5A0EC19B85D0}.Debug|Any CPU.Build.0 = Debug|Any CPU
		{E605DDF4-DEB7-4F08-B73A-5A0EC19B85D0}.Release|Any CPU.ActiveCfg = Release|Any CPU
		{E605DDF4-DEB7-4F08-B73A-5A0EC19B85D0}.Release|Any CPU.Build.0 = Release|Any CPU
		{72FB4F2C-DD96-4CA6-AAEB-78BFA0C186FA}.Debug|Any CPU.ActiveCfg = Debug|Any CPU
		{72FB4F2C-DD96-4CA6-AAEB-78BFA0C186FA}.Debug|Any CPU.Build.0 = Debug|Any CPU
		{72FB4F2C-DD96-4CA6-AAEB-78BFA0C186FA}.Release|Any CPU.ActiveCfg = Release|Any CPU
		{72FB4F2C-DD96-4CA6-AAEB-78BFA0C186FA}.Release|Any CPU.Build.0 = Release|Any CPU
		{7DB1F6D4-27B6-44AD-9D96-6E77AC55B1CA}.Debug|Any CPU.ActiveCfg = Debug|Any CPU
		{7DB1F6D4-27B6-44AD-9D96-6E77AC55B1CA}.Debug|Any CPU.Build.0 = Debug|Any CPU
		{7DB1F6D4-27B6-44AD-9D96-6E77AC55B1CA}.Release|Any CPU.ActiveCfg = Release|Any CPU
		{7DB1F6D4-27B6-44AD-9D96-6E77AC55B1CA}.Release|Any CPU.Build.0 = Release|Any CPU
		{64AFCA39-CC5E-4246-95EE-ECEED7B59D3A}.Debug|Any CPU.ActiveCfg = Debug|Any CPU
		{64AFCA39-CC5E-4246-95EE-ECEED7B59D3A}.Debug|Any CPU.Build.0 = Debug|Any CPU
		{64AFCA39-CC5E-4246-95EE-ECEED7B59D3A}.Release|Any CPU.ActiveCfg = Release|Any CPU
		{64AFCA39-CC5E-4246-95EE-ECEED7B59D3A}.Release|Any CPU.Build.0 = Release|Any CPU
		{C0634282-4E70-4333-9773-D3C8C36DBBF5}.Debug|Any CPU.ActiveCfg = Debug|Any CPU
		{C0634282-4E70-4333-9773-D3C8C36DBBF5}.Debug|Any CPU.Build.0 = Debug|Any CPU
		{C0634282-4E70-4333-9773-D3C8C36DBBF5}.Release|Any CPU.ActiveCfg = Release|Any CPU
		{C0634282-4E70-4333-9773-D3C8C36DBBF5}.Release|Any CPU.Build.0 = Release|Any CPU
		{FFE5329E-9A72-4EB2-9E05-236F69BB4ED9}.Debug|Any CPU.ActiveCfg = Debug|Any CPU
		{FFE5329E-9A72-4EB2-9E05-236F69BB4ED9}.Debug|Any CPU.Build.0 = Debug|Any CPU
		{FFE5329E-9A72-4EB2-9E05-236F69BB4ED9}.Release|Any CPU.ActiveCfg = Release|Any CPU
		{FFE5329E-9A72-4EB2-9E05-236F69BB4ED9}.Release|Any CPU.Build.0 = Release|Any CPU
		{60513938-DB6F-4F96-8808-66635C226ABF}.Debug|Any CPU.ActiveCfg = Debug|Any CPU
		{60513938-DB6F-4F96-8808-66635C226ABF}.Debug|Any CPU.Build.0 = Debug|Any CPU
		{60513938-DB6F-4F96-8808-66635C226ABF}.Release|Any CPU.ActiveCfg = Release|Any CPU
		{60513938-DB6F-4F96-8808-66635C226ABF}.Release|Any CPU.Build.0 = Release|Any CPU
		{0C7B72B8-9286-435F-AB58-518951B66731}.Debug|Any CPU.ActiveCfg = Debug|Any CPU
		{0C7B72B8-9286-435F-AB58-518951B66731}.Debug|Any CPU.Build.0 = Debug|Any CPU
		{0C7B72B8-9286-435F-AB58-518951B66731}.Release|Any CPU.ActiveCfg = Release|Any CPU
		{0C7B72B8-9286-435F-AB58-518951B66731}.Release|Any CPU.Build.0 = Release|Any CPU
		{E899D452-12C2-4669-B73E-34CB7411E4A9}.Debug|Any CPU.ActiveCfg = Debug|Any CPU
		{E899D452-12C2-4669-B73E-34CB7411E4A9}.Debug|Any CPU.Build.0 = Debug|Any CPU
		{E899D452-12C2-4669-B73E-34CB7411E4A9}.Release|Any CPU.ActiveCfg = Release|Any CPU
		{E899D452-12C2-4669-B73E-34CB7411E4A9}.Release|Any CPU.Build.0 = Release|Any CPU
		{A585E6F3-9467-402A-86BE-B837DB03CCDF}.Debug|Any CPU.ActiveCfg = Debug|Any CPU
		{A585E6F3-9467-402A-86BE-B837DB03CCDF}.Debug|Any CPU.Build.0 = Debug|Any CPU
		{A585E6F3-9467-402A-86BE-B837DB03CCDF}.Release|Any CPU.ActiveCfg = Release|Any CPU
		{A585E6F3-9467-402A-86BE-B837DB03CCDF}.Release|Any CPU.Build.0 = Release|Any CPU
		{1AE76F8D-89E4-466B-900A-191532CFBFDF}.Debug|Any CPU.ActiveCfg = Debug|Any CPU
		{1AE76F8D-89E4-466B-900A-191532CFBFDF}.Debug|Any CPU.Build.0 = Debug|Any CPU
		{1AE76F8D-89E4-466B-900A-191532CFBFDF}.Release|Any CPU.ActiveCfg = Release|Any CPU
		{1AE76F8D-89E4-466B-900A-191532CFBFDF}.Release|Any CPU.Build.0 = Release|Any CPU
		{C31E6BE1-6F0A-403F-9352-7817C5A05623}.Debug|Any CPU.ActiveCfg = Debug|Any CPU
		{C31E6BE1-6F0A-403F-9352-7817C5A05623}.Debug|Any CPU.Build.0 = Debug|Any CPU
		{C31E6BE1-6F0A-403F-9352-7817C5A05623}.Release|Any CPU.ActiveCfg = Release|Any CPU
		{C31E6BE1-6F0A-403F-9352-7817C5A05623}.Release|Any CPU.Build.0 = Release|Any CPU
		{B5E2C243-C1AC-4EB7-BE03-9FADE3AFFFFD}.Debug|Any CPU.ActiveCfg = Debug|Any CPU
		{B5E2C243-C1AC-4EB7-BE03-9FADE3AFFFFD}.Debug|Any CPU.Build.0 = Debug|Any CPU
		{B5E2C243-C1AC-4EB7-BE03-9FADE3AFFFFD}.Release|Any CPU.ActiveCfg = Release|Any CPU
		{B5E2C243-C1AC-4EB7-BE03-9FADE3AFFFFD}.Release|Any CPU.Build.0 = Release|Any CPU
		{F823B5BD-458D-402F-BAB8-4680244BAD12}.Debug|Any CPU.ActiveCfg = Debug|Any CPU
		{F823B5BD-458D-402F-BAB8-4680244BAD12}.Debug|Any CPU.Build.0 = Debug|Any CPU
		{F823B5BD-458D-402F-BAB8-4680244BAD12}.Release|Any CPU.ActiveCfg = Release|Any CPU
		{F823B5BD-458D-402F-BAB8-4680244BAD12}.Release|Any CPU.Build.0 = Release|Any CPU
		{37F8F817-1946-4080-8BE6-29EB6CF102EE}.Debug|Any CPU.ActiveCfg = Debug|Any CPU
		{37F8F817-1946-4080-8BE6-29EB6CF102EE}.Debug|Any CPU.Build.0 = Debug|Any CPU
		{37F8F817-1946-4080-8BE6-29EB6CF102EE}.Release|Any CPU.ActiveCfg = Release|Any CPU
		{37F8F817-1946-4080-8BE6-29EB6CF102EE}.Release|Any CPU.Build.0 = Release|Any CPU
		{9369BB13-3E29-4A63-ACEE-219D9516050B}.Debug|Any CPU.ActiveCfg = Debug|Any CPU
		{9369BB13-3E29-4A63-ACEE-219D9516050B}.Debug|Any CPU.Build.0 = Debug|Any CPU
		{9369BB13-3E29-4A63-ACEE-219D9516050B}.Release|Any CPU.ActiveCfg = Release|Any CPU
		{9369BB13-3E29-4A63-ACEE-219D9516050B}.Release|Any CPU.Build.0 = Release|Any CPU
		{62880AAE-B9D5-4A91-AF26-D79FA4D74832}.Debug|Any CPU.ActiveCfg = Debug|Any CPU
		{62880AAE-B9D5-4A91-AF26-D79FA4D74832}.Debug|Any CPU.Build.0 = Debug|Any CPU
		{62880AAE-B9D5-4A91-AF26-D79FA4D74832}.Release|Any CPU.ActiveCfg = Release|Any CPU
		{62880AAE-B9D5-4A91-AF26-D79FA4D74832}.Release|Any CPU.Build.0 = Release|Any CPU
		{9D7B4C5A-C9E8-4AFD-BD75-68ED07793356}.Debug|Any CPU.ActiveCfg = Debug|Any CPU
		{9D7B4C5A-C9E8-4AFD-BD75-68ED07793356}.Debug|Any CPU.Build.0 = Debug|Any CPU
		{9D7B4C5A-C9E8-4AFD-BD75-68ED07793356}.Release|Any CPU.ActiveCfg = Release|Any CPU
		{9D7B4C5A-C9E8-4AFD-BD75-68ED07793356}.Release|Any CPU.Build.0 = Release|Any CPU
		{FA7E28CA-21B4-4537-983F-E23CBFCECD8F}.Debug|Any CPU.ActiveCfg = Debug|Any CPU
		{FA7E28CA-21B4-4537-983F-E23CBFCECD8F}.Debug|Any CPU.Build.0 = Debug|Any CPU
		{FA7E28CA-21B4-4537-983F-E23CBFCECD8F}.Release|Any CPU.ActiveCfg = Release|Any CPU
		{FA7E28CA-21B4-4537-983F-E23CBFCECD8F}.Release|Any CPU.Build.0 = Release|Any CPU
		{F3383BB1-E5BD-4850-82F3-CC3DF5B66257}.Debug|Any CPU.ActiveCfg = Debug|Any CPU
		{F3383BB1-E5BD-4850-82F3-CC3DF5B66257}.Debug|Any CPU.Build.0 = Debug|Any CPU
		{F3383BB1-E5BD-4850-82F3-CC3DF5B66257}.Release|Any CPU.ActiveCfg = Release|Any CPU
		{F3383BB1-E5BD-4850-82F3-CC3DF5B66257}.Release|Any CPU.Build.0 = Release|Any CPU
		{C2EBC80D-6F28-4544-831E-12A22A9AD87C}.Debug|Any CPU.ActiveCfg = Debug|Any CPU
		{C2EBC80D-6F28-4544-831E-12A22A9AD87C}.Debug|Any CPU.Build.0 = Debug|Any CPU
		{C2EBC80D-6F28-4544-831E-12A22A9AD87C}.Release|Any CPU.ActiveCfg = Release|Any CPU
		{C2EBC80D-6F28-4544-831E-12A22A9AD87C}.Release|Any CPU.Build.0 = Release|Any CPU
		{0A42AF6D-92DC-47F7-A032-DEECEF923D53}.Debug|Any CPU.ActiveCfg = Debug|Any CPU
		{0A42AF6D-92DC-47F7-A032-DEECEF923D53}.Debug|Any CPU.Build.0 = Debug|Any CPU
		{0A42AF6D-92DC-47F7-A032-DEECEF923D53}.Release|Any CPU.ActiveCfg = Release|Any CPU
		{0A42AF6D-92DC-47F7-A032-DEECEF923D53}.Release|Any CPU.Build.0 = Release|Any CPU
		{601FFA97-5E22-4C21-A35F-7B290F878F2A}.Debug|Any CPU.ActiveCfg = Debug|Any CPU
		{601FFA97-5E22-4C21-A35F-7B290F878F2A}.Debug|Any CPU.Build.0 = Debug|Any CPU
		{601FFA97-5E22-4C21-A35F-7B290F878F2A}.Release|Any CPU.ActiveCfg = Release|Any CPU
		{601FFA97-5E22-4C21-A35F-7B290F878F2A}.Release|Any CPU.Build.0 = Release|Any CPU
		{48AB8D85-6F7F-44FD-BF9C-1CDF3037CAF1}.Debug|Any CPU.ActiveCfg = Debug|Any CPU
		{48AB8D85-6F7F-44FD-BF9C-1CDF3037CAF1}.Debug|Any CPU.Build.0 = Debug|Any CPU
		{48AB8D85-6F7F-44FD-BF9C-1CDF3037CAF1}.Release|Any CPU.ActiveCfg = Release|Any CPU
		{48AB8D85-6F7F-44FD-BF9C-1CDF3037CAF1}.Release|Any CPU.Build.0 = Release|Any CPU
		{FAE3823C-6B72-4231-8556-F0CD4D6DE9BE}.Debug|Any CPU.ActiveCfg = Debug|Any CPU
		{FAE3823C-6B72-4231-8556-F0CD4D6DE9BE}.Debug|Any CPU.Build.0 = Debug|Any CPU
		{FAE3823C-6B72-4231-8556-F0CD4D6DE9BE}.Release|Any CPU.ActiveCfg = Release|Any CPU
		{FAE3823C-6B72-4231-8556-F0CD4D6DE9BE}.Release|Any CPU.Build.0 = Release|Any CPU
		{591815DD-8758-401C-A4CA-23FA1D4A89BB}.Debug|Any CPU.ActiveCfg = Debug|Any CPU
		{591815DD-8758-401C-A4CA-23FA1D4A89BB}.Debug|Any CPU.Build.0 = Debug|Any CPU
		{591815DD-8758-401C-A4CA-23FA1D4A89BB}.Release|Any CPU.ActiveCfg = Release|Any CPU
		{591815DD-8758-401C-A4CA-23FA1D4A89BB}.Release|Any CPU.Build.0 = Release|Any CPU
		{37891056-49EA-45B0-B167-2CBA961DDC4C}.Debug|Any CPU.ActiveCfg = Debug|Any CPU
		{37891056-49EA-45B0-B167-2CBA961DDC4C}.Debug|Any CPU.Build.0 = Debug|Any CPU
		{37891056-49EA-45B0-B167-2CBA961DDC4C}.Release|Any CPU.ActiveCfg = Release|Any CPU
		{37891056-49EA-45B0-B167-2CBA961DDC4C}.Release|Any CPU.Build.0 = Release|Any CPU
		{15CA1149-0DE2-444E-98F0-09F7736C96B6}.Debug|Any CPU.ActiveCfg = Debug|Any CPU
		{15CA1149-0DE2-444E-98F0-09F7736C96B6}.Debug|Any CPU.Build.0 = Debug|Any CPU
		{15CA1149-0DE2-444E-98F0-09F7736C96B6}.Release|Any CPU.ActiveCfg = Release|Any CPU
		{15CA1149-0DE2-444E-98F0-09F7736C96B6}.Release|Any CPU.Build.0 = Release|Any CPU
		{6E76EB57-467D-458B-A539-EC420A42DE4C}.Debug|Any CPU.ActiveCfg = Debug|Any CPU
		{6E76EB57-467D-458B-A539-EC420A42DE4C}.Debug|Any CPU.Build.0 = Debug|Any CPU
		{6E76EB57-467D-458B-A539-EC420A42DE4C}.Release|Any CPU.ActiveCfg = Release|Any CPU
		{6E76EB57-467D-458B-A539-EC420A42DE4C}.Release|Any CPU.Build.0 = Release|Any CPU
		{D7F7E3CE-3A91-455C-B53E-415081DF4C9D}.Debug|Any CPU.ActiveCfg = Debug|Any CPU
		{D7F7E3CE-3A91-455C-B53E-415081DF4C9D}.Debug|Any CPU.Build.0 = Debug|Any CPU
		{D7F7E3CE-3A91-455C-B53E-415081DF4C9D}.Release|Any CPU.ActiveCfg = Release|Any CPU
		{D7F7E3CE-3A91-455C-B53E-415081DF4C9D}.Release|Any CPU.Build.0 = Release|Any CPU
		{667BB175-873D-4B5B-8DF9-CD434E24D052}.Debug|Any CPU.ActiveCfg = Debug|Any CPU
		{667BB175-873D-4B5B-8DF9-CD434E24D052}.Debug|Any CPU.Build.0 = Debug|Any CPU
		{667BB175-873D-4B5B-8DF9-CD434E24D052}.Release|Any CPU.ActiveCfg = Release|Any CPU
		{667BB175-873D-4B5B-8DF9-CD434E24D052}.Release|Any CPU.Build.0 = Release|Any CPU
		{7119E772-CE96-49F5-A12A-A3E21AAB05A3}.Debug|Any CPU.ActiveCfg = Debug|Any CPU
		{7119E772-CE96-49F5-A12A-A3E21AAB05A3}.Debug|Any CPU.Build.0 = Debug|Any CPU
		{7119E772-CE96-49F5-A12A-A3E21AAB05A3}.Release|Any CPU.ActiveCfg = Release|Any CPU
		{7119E772-CE96-49F5-A12A-A3E21AAB05A3}.Release|Any CPU.Build.0 = Release|Any CPU
		{81EE68CA-7A7A-4DC7-ACB1-62A1BAE604B3}.Debug|Any CPU.ActiveCfg = Debug|Any CPU
		{81EE68CA-7A7A-4DC7-ACB1-62A1BAE604B3}.Debug|Any CPU.Build.0 = Debug|Any CPU
		{81EE68CA-7A7A-4DC7-ACB1-62A1BAE604B3}.Release|Any CPU.ActiveCfg = Release|Any CPU
		{81EE68CA-7A7A-4DC7-ACB1-62A1BAE604B3}.Release|Any CPU.Build.0 = Release|Any CPU
		{6D89D8BB-55B3-476A-A214-F7B3CE94B5DC}.Debug|Any CPU.ActiveCfg = Debug|Any CPU
		{6D89D8BB-55B3-476A-A214-F7B3CE94B5DC}.Debug|Any CPU.Build.0 = Debug|Any CPU
		{6D89D8BB-55B3-476A-A214-F7B3CE94B5DC}.Release|Any CPU.ActiveCfg = Release|Any CPU
		{6D89D8BB-55B3-476A-A214-F7B3CE94B5DC}.Release|Any CPU.Build.0 = Release|Any CPU
		{762A65C1-1616-4C0E-9D2F-47BCBA4403A4}.Debug|Any CPU.ActiveCfg = Debug|Any CPU
		{762A65C1-1616-4C0E-9D2F-47BCBA4403A4}.Debug|Any CPU.Build.0 = Debug|Any CPU
		{762A65C1-1616-4C0E-9D2F-47BCBA4403A4}.Release|Any CPU.ActiveCfg = Release|Any CPU
		{762A65C1-1616-4C0E-9D2F-47BCBA4403A4}.Release|Any CPU.Build.0 = Release|Any CPU
		{800FC4FA-9103-44F2-9870-439FC59859B2}.Debug|Any CPU.ActiveCfg = Debug|Any CPU
		{800FC4FA-9103-44F2-9870-439FC59859B2}.Debug|Any CPU.Build.0 = Debug|Any CPU
		{800FC4FA-9103-44F2-9870-439FC59859B2}.Release|Any CPU.ActiveCfg = Release|Any CPU
		{800FC4FA-9103-44F2-9870-439FC59859B2}.Release|Any CPU.Build.0 = Release|Any CPU
		{1AE242C9-C3F8-4CCF-B51F-19F45E4B06D4}.Debug|Any CPU.ActiveCfg = Debug|Any CPU
		{1AE242C9-C3F8-4CCF-B51F-19F45E4B06D4}.Debug|Any CPU.Build.0 = Debug|Any CPU
		{1AE242C9-C3F8-4CCF-B51F-19F45E4B06D4}.Release|Any CPU.ActiveCfg = Release|Any CPU
		{1AE242C9-C3F8-4CCF-B51F-19F45E4B06D4}.Release|Any CPU.Build.0 = Release|Any CPU
		{B2E4A1C7-5F0D-4E8A-9C1B-7D3F6A2E8B01}.Debug|Any CPU.ActiveCfg = Debug|Any CPU
		{B2E4A1C7-5F0D-4E8A-9C1B-7D3F6A2E8B01}.Debug|Any CPU.Build.0 = Debug|Any CPU
		{B2E4A1C7-5F0D-4E8A-9C1B-7D3F6A2E8B01}.Release|Any CPU.ActiveCfg = Release|Any CPU
		{B2E4A1C7-5F0D-4E8A-9C1B-7D3F6A2E8B01}.Release|Any CPU.Build.0 = Release|Any CPU
		{C7F3B2D8-6A1E-4F9B-8D2C-5E4A7B3F9C02}.Debug|Any CPU.ActiveCfg = Debug|Any CPU
		{C7F3B2D8-6A1E-4F9B-8D2C-5E4A7B3F9C02}.Debug|Any CPU.Build.0 = Debug|Any CPU
		{C7F3B2D8-6A1E-4F9B-8D2C-5E4A7B3F9C02}.Release|Any CPU.ActiveCfg = Release|Any CPU
		{C7F3B2D8-6A1E-4F9B-8D2C-5E4A7B3F9C02}.Release|Any CPU.Build.0 = Release|Any CPU
		{D8A4C3E9-7B2F-4A0C-9E3D-6F5B8C4A0D03}.Debug|Any CPU.ActiveCfg = Debug|Any CPU
		{D8A4C3E9-7B2F-4A0C-9E3D-6F5B8C4A0D03}.Debug|Any CPU.Build.0 = Debug|Any CPU
		{D8A4C3E9-7B2F-4A0C-9E3D-6F5B8C4A0D03}.Release|Any CPU.ActiveCfg = Release|Any CPU
		{D8A4C3E9-7B2F-4A0C-9E3D-6F5B8C4A0D03}.Release|Any CPU.Build.0 = Release|Any CPU
		{E9B5D4FA-8C3A-4B1D-AF4E-7A6C9D5B1E04}.Debug|Any CPU.ActiveCfg = Debug|Any CPU
		{E9B5D4FA-8C3A-4B1D-AF4E-7A6C9D5B1E04}.Debug|Any CPU.Build.0 = Debug|Any CPU
		{E9B5D4FA-8C3A-4B1D-AF4E-7A6C9D5B1E04}.Release|Any CPU.ActiveCfg = Release|Any CPU
		{E9B5D4FA-8C3A-4B1D-AF4E-7A6C9D5B1E04}.Release|Any CPU.Build.0 = Release|Any CPU
		{FAC6E50B-9D4B-4C2E-B05F-8B7DAE6C2F05}.Debug|Any CPU.ActiveCfg = Debug|Any CPU
		{FAC6E50B-9D4B-4C2E-B05F-8B7DAE6C2F05}.Debug|Any CPU.Build.0 = Debug|Any CPU
		{FAC6E50B-9D4B-4C2E-B05F-8B7DAE6C2F05}.Release|Any CPU.ActiveCfg = Release|Any CPU
		{FAC6E50B-9D4B-4C2E-B05F-8B7DAE6C2F05}.Release|Any CPU.Build.0 = Release|Any CPU
		{0BD7F61C-AE5C-4D3F-C16A-9C8EBF7D3A06}.Debug|Any CPU.ActiveCfg = Debug|Any CPU
		{0BD7F61C-AE5C-4D3F-C16A-9C8EBF7D3A06}.Debug|Any CPU.Build.0 = Debug|Any CPU
		{0BD7F61C-AE5C-4D3F-C16A-9C8EBF7D3A06}.Release|Any CPU.ActiveCfg = Release|Any CPU
		{0BD7F61C-AE5C-4D3F-C16A-9C8EBF7D3A06}.Release|Any CPU.Build.0 = Release|Any CPU
		{1CE8072D-BF6D-4E4A-D27B-AD9FC08E4B07}.Debug|Any CPU.ActiveCfg = Debug|Any CPU
		{1CE8072D-BF6D-4E4A-D27B-AD9FC08E4B07}.Debug|Any CPU.Build.0 = Debug|Any CPU
		{1CE8072D-BF6D-4E4A-D27B-AD9FC08E4B07}.Release|Any CPU.ActiveCfg = Release|Any CPU
		{1CE8072D-BF6D-4E4A-D27B-AD9FC08E4B07}.Release|Any CPU.Build.0 = Release|Any CPU
		{2DF9183E-C07E-4F5B-E38C-BEA0D19F5C08}.Debug|Any CPU.ActiveCfg = Debug|Any CPU
		{2DF9183E-C07E-4F5B-E38C-BEA0D19F5C08}.Debug|Any CPU.Build.0 = Debug|Any CPU
		{2DF9183E-C07E-4F5B-E38C-BEA0D19F5C08}.Release|Any CPU.ActiveCfg = Release|Any CPU
		{2DF9183E-C07E-4F5B-E38C-BEA0D19F5C08}.Release|Any CPU.Build.0 = Release|Any CPU
		{3E0A294F-D18F-4A6C-F49D-CFB1E2A06D09}.Debug|Any CPU.ActiveCfg = Debug|Any CPU
		{3E0A294F-D18F-4A6C-F49D-CFB1E2A06D09}.Debug|Any CPU.Build.0 = Debug|Any CPU
		{3E0A294F-D18F-4A6C-F49D-CFB1E2A06D09}.Release|Any CPU.ActiveCfg = Release|Any CPU
		{3E0A294F-D18F-4A6C-F49D-CFB1E2A06D09}.Release|Any CPU.Build.0 = Release|Any CPU
		{4F1B3A50-E29A-4B7D-A5AE-D0C2F3B17E0A}.Debug|Any CPU.ActiveCfg = Debug|Any CPU
		{4F1B3A50-E29A-4B7D-A5AE-D0C2F3B17E0A}.Debug|Any CPU.Build.0 = Debug|Any CPU
		{4F1B3A50-E29A-4B7D-A5AE-D0C2F3B17E0A}.Release|Any CPU.ActiveCfg = Release|Any CPU
		{4F1B3A50-E29A-4B7D-A5AE-D0C2F3B17E0A}.Release|Any CPU.Build.0 = Release|Any CPU
		{502C4B61-F3AB-4C8E-B6BF-E1D304C28F0B}.Debug|Any CPU.ActiveCfg = Debug|Any CPU
		{502C4B61-F3AB-4C8E-B6BF-E1D304C28F0B}.Debug|Any CPU.Build.0 = Debug|Any CPU
		{502C4B61-F3AB-4C8E-B6BF-E1D304C28F0B}.Release|Any CPU.ActiveCfg = Release|Any CPU
		{502C4B61-F3AB-4C8E-B6BF-E1D304C28F0B}.Release|Any CPU.Build.0 = Release|Any CPU
		{613D5C72-04BC-4D9F-C7C0-F2E415D3900C}.Debug|Any CPU.ActiveCfg = Debug|Any CPU
		{613D5C72-04BC-4D9F-C7C0-F2E415D3900C}.Debug|Any CPU.Build.0 = Debug|Any CPU
		{613D5C72-04BC-4D9F-C7C0-F2E415D3900C}.Release|Any CPU.ActiveCfg = Release|Any CPU
		{613D5C72-04BC-4D9F-C7C0-F2E415D3900C}.Release|Any CPU.Build.0 = Release|Any CPU
		{724E6D83-15CD-4EA0-D8D1-03F526E4A10D}.Debug|Any CPU.ActiveCfg = Debug|Any CPU
		{724E6D83-15CD-4EA0-D8D1-03F526E4A10D}.Debug|Any CPU.Build.0 = Debug|Any CPU
		{724E6D83-15CD-4EA0-D8D1-03F526E4A10D}.Release|Any CPU.ActiveCfg = Release|Any CPU
		{724E6D83-15CD-4EA0-D8D1-03F526E4A10D}.Release|Any CPU.Build.0 = Release|Any CPU
	EndGlobalSection
	GlobalSection(NestedProjects) = preSolution
		{9D87C798-94D4-4ED8-AA34-FEE703E43E59} = {F4973CD0-DF36-46BC-8620-C2FBAAADF679}
		{70381432-17EC-4482-AE63-E8888DD13D90} = {F4973CD0-DF36-46BC-8620-C2FBAAADF679}
		{A2A50F32-6A2C-4B63-9519-8F12FF10E5F0} = {F4973CD0-DF36-46BC-8620-C2FBAAADF679}
		{76E1E440-1FD0-4FED-961C-B0378C4BEE69} = {F4973CD0-DF36-46BC-8620-C2FBAAADF679}
		{59B528B8-7DB7-4D3B-A593-A3A6EF412BB1} = {F4973CD0-DF36-46BC-8620-C2FBAAADF679}
		{66C03E38-116C-4D73-9159-E067BD303370} = {F4973CD0-DF36-46BC-8620-C2FBAAADF679}
		{032AAD0A-01DA-474E-B192-E621D001C809} = {F4973CD0-DF36-46BC-8620-C2FBAAADF679}
		{B6E0DCE7-4528-43C7-8E70-9D0FE69AEC32} = {F4973CD0-DF36-46BC-8620-C2FBAAADF679}
		{527D324D-67B3-43BB-8E94-697F5305EA07} = {F4973CD0-DF36-46BC-8620-C2FBAAADF679}
		{5796A4FC-CA5B-4B7B-8BBD-8CE0FFF6F3FF} = {F4973CD0-DF36-46BC-8620-C2FBAAADF679}
		{60604131-2F12-4ED0-987D-D53BC4DEDBB5} = {F4973CD0-DF36-46BC-8620-C2FBAAADF679}
		{6E8FC022-0B37-4242-95A8-BC480738B75E} = {F4973CD0-DF36-46BC-8620-C2FBAAADF679}
		{835165BE-67C2-45F2-AC38-0835A054395F} = {F4973CD0-DF36-46BC-8620-C2FBAAADF679}
		{80A149BD-2C3C-4699-8C92-CF0BB80755D6} = {F4973CD0-DF36-46BC-8620-C2FBAAADF679}
		{3D23E1F1-22B2-4BF6-8564-3C81605EEE57} = {F4973CD0-DF36-46BC-8620-C2FBAAADF679}
		{16BDB7C1-EE8D-4F50-8973-9628B46E8DE7} = {F4973CD0-DF36-46BC-8620-C2FBAAADF679}
		{EA18A5C4-F2F6-4389-8958-1D0EC461FE64} = {F4973CD0-DF36-46BC-8620-C2FBAAADF679}
		{0B976A6D-5FA1-4C1A-9804-5C15B4AD17C2} = {F4973CD0-DF36-46BC-8620-C2FBAAADF679}
		{B2ED0B7F-C491-4CCD-AB7C-22C138773624} = {F4973CD0-DF36-46BC-8620-C2FBAAADF679}
		{3F185C41-8035-4BEE-9A09-058D18DCE55B} = {F4973CD0-DF36-46BC-8620-C2FBAAADF679}
		{000D1574-B859-445D-AE5B-DB6A550C157F} = {F4973CD0-DF36-46BC-8620-C2FBAAADF679}
		{E605DDF4-DEB7-4F08-B73A-5A0EC19B85D0} = {F4973CD0-DF36-46BC-8620-C2FBAAADF679}
		{72FB4F2C-DD96-4CA6-AAEB-78BFA0C186FA} = {F4973CD0-DF36-46BC-8620-C2FBAAADF679}
		{7DB1F6D4-27B6-44AD-9D96-6E77AC55B1CA} = {F4973CD0-DF36-46BC-8620-C2FBAAADF679}
		{64AFCA39-CC5E-4246-95EE-ECEED7B59D3A} = {F4973CD0-DF36-46BC-8620-C2FBAAADF679}
		{C0634282-4E70-4333-9773-D3C8C36DBBF5} = {F4973CD0-DF36-46BC-8620-C2FBAAADF679}
		{FFE5329E-9A72-4EB2-9E05-236F69BB4ED9} = {F4973CD0-DF36-46BC-8620-C2FBAAADF679}
		{60513938-DB6F-4F96-8808-66635C226ABF} = {F4973CD0-DF36-46BC-8620-C2FBAAADF679}
		{0C7B72B8-9286-435F-AB58-518951B66731} = {F4973CD0-DF36-46BC-8620-C2FBAAADF679}
		{E899D452-12C2-4669-B73E-34CB7411E4A9} = {F4973CD0-DF36-46BC-8620-C2FBAAADF679}
		{A585E6F3-9467-402A-86BE-B837DB03CCDF} = {F4973CD0-DF36-46BC-8620-C2FBAAADF679}
		{1AE76F8D-89E4-466B-900A-191532CFBFDF} = {F4973CD0-DF36-46BC-8620-C2FBAAADF679}
		{C31E6BE1-6F0A-403F-9352-7817C5A05623} = {F4973CD0-DF36-46BC-8620-C2FBAAADF679}
		{B5E2C243-C1AC-4EB7-BE03-9FADE3AFFFFD} = {F4973CD0-DF36-46BC-8620-C2FBAAADF679}
		{F823B5BD-458D-402F-BAB8-4680244BAD12} = {F4973CD0-DF36-46BC-8620-C2FBAAADF679}
		{37F8F817-1946-4080-8BE6-29EB6CF102EE} = {F4973CD0-DF36-46BC-8620-C2FBAAADF679}
		{9369BB13-3E29-4A63-ACEE-219D9516050B} = {F4973CD0-DF36-46BC-8620-C2FBAAADF679}
		{62880AAE-B9D5-4A91-AF26-D79FA4D74832} = {F4973CD0-DF36-46BC-8620-C2FBAAADF679}
		{9D7B4C5A-C9E8-4AFD-BD75-68ED07793356} = {F4973CD0-DF36-46BC-8620-C2FBAAADF679}
		{FA7E28CA-21B4-4537-983F-E23CBFCECD8F} = {F4973CD0-DF36-46BC-8620-C2FBAAADF679}
		{F3383BB1-E5BD-4850-82F3-CC3DF5B66257} = {F4973CD0-DF36-46BC-8620-C2FBAAADF679}
		{C2EBC80D-6F28-4544-831E-12A22A9AD87C} = {F4973CD0-DF36-46BC-8620-C2FBAAADF679}
		{0A42AF6D-92DC-47F7-A032-DEECEF923D53} = {F4973CD0-DF36-46BC-8620-C2FBAAADF679}
		{601FFA97-5E22-4C21-A35F-7B290F878F2A} = {F4973CD0-DF36-46BC-8620-C2FBAAADF679}
		{48AB8D85-6F7F-44FD-BF9C-1CDF3037CAF1} = {F4973CD0-DF36-46BC-8620-C2FBAAADF679}
		{FAE3823C-6B72-4231-8556-F0CD4D6DE9BE} = {F4973CD0-DF36-46BC-8620-C2FBAAADF679}
		{591815DD-8758-401C-A4CA-23FA1D4A89BB} = {F4973CD0-DF36-46BC-8620-C2FBAAADF679}
		{37891056-49EA-45B0-B167-2CBA961DDC4C} = {F4973CD0-DF36-46BC-8620-C2FBAAADF679}
		{15CA1149-0DE2-444E-98F0-09F7736C96B6} = {F4973CD0-DF36-46BC-8620-C2FBAAADF679}
		{6E76EB57-467D-458B-A539-EC420A42DE4C} = {F4973CD0-DF36-46BC-8620-C2FBAAADF679}
		{D7F7E3CE-3A91-455C-B53E-415081DF4C9D} = {F4973CD0-DF36-46BC-8620-C2FBAAADF679}
		{667BB175-873D-4B5B-8DF9-CD434E24D052} = {F4973CD0-DF36-46BC-8620-C2FBAAADF679}
		{7119E772-CE96-49F5-A12A-A3E21AAB05A3} = {F4973CD0-DF36-46BC-8620-C2FBAAADF679}
		{81EE68CA-7A7A-4DC7-ACB1-62A1BAE604B3} = {F4973CD0-DF36-46BC-8620-C2FBAAADF679}
		{6D89D8BB-55B3-476A-A214-F7B3CE94B5DC} = {F4973CD0-DF36-46BC-8620-C2FBAAADF679}
		{762A65C1-1616-4C0E-9D2F-47BCBA4403A4} = {F4973CD0-DF36-46BC-8620-C2FBAAADF679}
		{800FC4FA-9103-44F2-9870-439FC59859B2} = {F4973CD0-DF36-46BC-8620-C2FBAAADF679}
		{1AE242C9-C3F8-4CCF-B51F-19F45E4B06D4} = {F4973CD0-DF36-46BC-8620-C2FBAAADF679}
		{B2E4A1C7-5F0D-4E8A-9C1B-7D3F6A2E8B01} = {F4973CD0-DF36-46BC-8620-C2FBAAADF679}
		{C7F3B2D8-6A1E-4F9B-8D2C-5E4A7B3F9C02} = {F4973CD0-DF36-46BC-8620-C2FBAAADF679}
		{D8A4C3E9-7B2F-4A0C-9E3D-6F5B8C4A0D03} = {F4973CD0-DF36-46BC-8620-C2FBAAADF679}
		{E9B5D4FA-8C3A-4B1D-AF4E-7A6C9D5B1E04} = {F4973CD0-DF36-46BC-8620-C2FBAAADF679}
		{FAC6E50B-9D4B-4C2E-B05F-8B7DAE6C2F05} = {F4973CD0-DF36-46BC-8620-C2FBAAADF679}
		{0BD7F61C-AE5C-4D3F-C16A-9C8EBF7D3A06} = {F4973CD0-DF36-46BC-8620-C2FBAAADF679}
		{1CE8072D-BF6D-4E4A-D27B-AD9FC08E4B07} = {F4973CD0-DF36-46BC-8620-C2FBAAADF679}
		{2DF9183E-C07E-4F5B-E38C-BEA0D19F5C08} = {F4973CD0-DF36-46BC-8620-C2FBAAADF679}
		{3E0A294F-D18F-4A6C-F49D-CFB1E2A06D09} = {F4973CD0-DF36-46BC-8620-C2FBAAADF679}
		{4F1B3A50-E29A-4B7D-A5AE-D0C2F3B17E0A} = {F4973CD0-DF36-46BC-8620-C2FBAAADF679}
		{502C4B61-F3AB-4C8E-B6BF-E1D304C28F0B} = {F4973CD0-DF36-46BC-8620-C2FBAAADF679}
		{613D5C72-04BC-4D9F-C7C0-F2E415D3900C} = {F4973CD0-DF36-46BC-8620-C2FBAAADF679}
		{724E6D83-15CD-4EA0-D8D1-03F526E4A10D} = {F4973CD0-DF36-46BC-8620-C2FBAAADF679}
	EndGlobalSection
EndGlobal
